// !$*UTF8*$!
{
	archiveVersion = 1;
	classes = {
	};
	objectVersion = 56;
	objects = {

/* Begin PBXBuildFile section */
		6E41A0052D34B77700C6D055 /* OmikujiAppApp.swift in Sources */ = {isa = PBXBuildFile; fileRef = 6E41A0042D34B77700C6D055 /* OmikujiAppApp.swift */; };
		6E41A0072D34B77700C6D055 /* ContentView.swift in Sources */ = {isa = PBXBuildFile; fileRef = 6E41A0062D34B77700C6D055 /* ContentView.swift */; };
		6E41A0092D34B77A00C6D055 /* Assets.xcassets in Resources */ = {isa = PBXBuildFile; fileRef = 6E41A0082D34B77A00C6D055 /* Assets.xcassets */; };
		6E41A00C2D34B77A00C6D055 /* Preview Assets.xcassets in Resources */ = {isa = PBXBuildFile; fileRef = 6E41A00B2D34B77A00C6D055 /* Preview Assets.xcassets */; };
		6E41A0162D34B77A00C6D055 /* OmikujiAppTests.swift in Sources */ = {isa = PBXBuildFile; fileRef = 6E41A0152D34B77A00C6D055 /* OmikujiAppTests.swift */; };
		6E41A0202D34B77A00C6D055 /* OmikujiAppUITests.swift in Sources */ = {isa = PBXBuildFile; fileRef = 6E41A01F2D34B77A00C6D055 /* OmikujiAppUITests.swift */; };
		6E41A0222D34B77A00C6D055 /* OmikujiAppUITestsLaunchTests.swift in Sources */ = {isa = PBXBuildFile; fileRef = 6E41A0212D34B77A00C6D055 /* OmikujiAppUITestsLaunchTests.swift */; };
/* End PBXBuildFile section */

/* Begin PBXContainerItemProxy section */
		6E41A0122D34B77A00C6D055 /* PBXContainerItemProxy */ = {
			isa = PBXContainerItemProxy;
			containerPortal = 6E419FF92D34B77700C6D055 /* Project object */;
			proxyType = 1;
			remoteGlobalIDString = 6E41A0002D34B77700C6D055;
			remoteInfo = OmikujiApp;
		};
		6E41A01C2D34B77A00C6D055 /* PBXContainerItemProxy */ = {
			isa = PBXContainerItemProxy;
			containerPortal = 6E419FF92D34B77700C6D055 /* Project object */;
			proxyType = 1;
			remoteGlobalIDString = 6E41A0002D34B77700C6D055;
			remoteInfo = OmikujiApp;
		};
/* End PBXContainerItemProxy section */

/* Begin PBXFileReference section */
		6E41A0012D34B77700C6D055 /* OmikujiApp.app */ = {isa = PBXFileReference; explicitFileType = wrapper.application; includeInIndex = 0; path = OmikujiApp.app; sourceTree = BUILT_PRODUCTS_DIR; };
		6E41A0042D34B77700C6D055 /* OmikujiAppApp.swift */ = {isa = PBXFileReference; lastKnownFileType = sourcecode.swift; path = OmikujiAppApp.swift; sourceTree = "<group>"; };
		6E41A0062D34B77700C6D055 /* ContentView.swift */ = {isa = PBXFileReference; lastKnownFileType = sourcecode.swift; path = ContentView.swift; sourceTree = "<group>"; };
		6E41A0082D34B77A00C6D055 /* Assets.xcassets */ = {isa = PBXFileReference; lastKnownFileType = folder.assetcatalog; path = Assets.xcassets; sourceTree = "<group>"; };
		6E41A00B2D34B77A00C6D055 /* Preview Assets.xcassets */ = {isa = PBXFileReference; lastKnownFileType = folder.assetcatalog; path = "Preview Assets.xcassets"; sourceTree = "<group>"; };
		6E41A0112D34B77A00C6D055 /* OmikujiAppTests.xctest */ = {isa = PBXFileReference; explicitFileType = wrapper.cfbundle; includeInIndex = 0; path = OmikujiAppTests.xctest; sourceTree = BUILT_PRODUCTS_DIR; };
		6E41A0152D34B77A00C6D055 /* OmikujiAppTests.swift */ = {isa = PBXFileReference; lastKnownFileType = sourcecode.swift; path = OmikujiAppTests.swift; sourceTree = "<group>"; };
		6E41A01B2D34B77A00C6D055 /* OmikujiAppUITests.xctest */ = {isa = PBXFileReference; explicitFileType = wrapper.cfbundle; includeInIndex = 0; path = OmikujiAppUITests.xctest; sourceTree = BUILT_PRODUCTS_DIR; };
		6E41A01F2D34B77A00C6D055 /* OmikujiAppUITests.swift */ = {isa = PBXFileReference; lastKnownFileType = sourcecode.swift; path = OmikujiAppUITests.swift; sourceTree = "<group>"; };
		6E41A0212D34B77A00C6D055 /* OmikujiAppUITestsLaunchTests.swift */ = {isa = PBXFileReference; lastKnownFileType = sourcecode.swift; path = OmikujiAppUITestsLaunchTests.swift; sourceTree = "<group>"; };
/* End PBXFileReference section */

/* Begin PBXFrameworksBuildPhase section */
		6E419FFE2D34B77700C6D055 /* Frameworks */ = {
			isa = PBXFrameworksBuildPhase;
			buildActionMask = 2147483647;
			files = (
			);
			runOnlyForDeploymentPostprocessing = 0;
		};
		6E41A00E2D34B77A00C6D055 /* Frameworks */ = {
			isa = PBXFrameworksBuildPhase;
			buildActionMask = 2147483647;
			files = (
			);
			runOnlyForDeploymentPostprocessing = 0;
		};
		6E41A0182D34B77A00C6D055 /* Frameworks */ = {
			isa = PBXFrameworksBuildPhase;
			buildActionMask = 2147483647;
			files = (
			);
			runOnlyForDeploymentPostprocessing = 0;
		};
/* End PBXFrameworksBuildPhase section */

/* Begin PBXGroup section */
		6E419FF82D34B77700C6D055 = {
			isa = PBXGroup;
			children = (
				6E41A0032D34B77700C6D055 /* OmikujiApp */,
				6E41A0142D34B77A00C6D055 /* OmikujiAppTests */,
				6E41A01E2D34B77A00C6D055 /* OmikujiAppUITests */,
				6E41A0022D34B77700C6D055 /* Products */,
			);
			sourceTree = "<group>";
		};
		6E41A0022D34B77700C6D055 /* Products */ = {
			isa = PBXGroup;
			children = (
				6E41A0012D34B77700C6D055 /* OmikujiApp.app */,
				6E41A0112D34B77A00C6D055 /* OmikujiAppTests.xctest */,
				6E41A01B2D34B77A00C6D055 /* OmikujiAppUITests.xctest */,
			);
			name = Products;
			sourceTree = "<group>";
		};
		6E41A0032D34B77700C6D055 /* OmikujiApp */ = {
			isa = PBXGroup;
			children = (
				6E41A0042D34B77700C6D055 /* OmikujiAppApp.swift */,
				6E41A0062D34B77700C6D055 /* ContentView.swift */,
				6E41A0082D34B77A00C6D055 /* Assets.xcassets */,
				6E41A00A2D34B77A00C6D055 /* Preview Content */,
			);
			path = OmikujiApp;
			sourceTree = "<group>";
		};
		6E41A00A2D34B77A00C6D055 /* Preview Content */ = {
			isa = PBXGroup;
			children = (
				6E41A00B2D34B77A00C6D055 /* Preview Assets.xcassets */,
			);
			path = "Preview Content";
			sourceTree = "<group>";
		};
		6E41A0142D34B77A00C6D055 /* OmikujiAppTests */ = {
			isa = PBXGroup;
			children = (
				6E41A0152D34B77A00C6D055 /* OmikujiAppTests.swift */,
			);
			path = OmikujiAppTests;
			sourceTree = "<group>";
		};
		6E41A01E2D34B77A00C6D055 /* OmikujiAppUITests */ = {
			isa = PBXGroup;
			children = (
				6E41A01F2D34B77A00C6D055 /* OmikujiAppUITests.swift */,
				6E41A0212D34B77A00C6D055 /* OmikujiAppUITestsLaunchTests.swift */,
			);
			path = OmikujiAppUITests;
			sourceTree = "<group>";
		};
/* End PBXGroup section */

/* Begin PBXNativeTarget section */
		6E41A0002D34B77700C6D055 /* OmikujiApp */ = {
			isa = PBXNativeTarget;
			buildConfigurationList = 6E41A0252D34B77A00C6D055 /* Build configuration list for PBXNativeTarget "OmikujiApp" */;
			buildPhases = (
				6E419FFD2D34B77700C6D055 /* Sources */,
				6E419FFE2D34B77700C6D055 /* Frameworks */,
				6E419FFF2D34B77700C6D055 /* Resources */,
			);
			buildRules = (
			);
			dependencies = (
			);
			name = OmikujiApp;
			productName = OmikujiApp;
			productReference = 6E41A0012D34B77700C6D055 /* OmikujiApp.app */;
			productType = "com.apple.product-type.application";
		};
		6E41A0102D34B77A00C6D055 /* OmikujiAppTests */ = {
			isa = PBXNativeTarget;
			buildConfigurationList = 6E41A0282D34B77A00C6D055 /* Build configuration list for PBXNativeTarget "OmikujiAppTests" */;
			buildPhases = (
				6E41A00D2D34B77A00C6D055 /* Sources */,
				6E41A00E2D34B77A00C6D055 /* Frameworks */,
				6E41A00F2D34B77A00C6D055 /* Resources */,
			);
			buildRules = (
			);
			dependencies = (
				6E41A0132D34B77A00C6D055 /* PBXTargetDependency */,
			);
			name = OmikujiAppTests;
			productName = OmikujiAppTests;
			productReference = 6E41A0112D34B77A00C6D055 /* OmikujiAppTests.xctest */;
			productType = "com.apple.product-type.bundle.unit-test";
		};
		6E41A01A2D34B77A00C6D055 /* OmikujiAppUITests */ = {
			isa = PBXNativeTarget;
			buildConfigurationList = 6E41A02B2D34B77A00C6D055 /* Build configuration list for PBXNativeTarget "OmikujiAppUITests" */;
			buildPhases = (
				6E41A0172D34B77A00C6D055 /* Sources */,
				6E41A0182D34B77A00C6D055 /* Frameworks */,
				6E41A0192D34B77A00C6D055 /* Resources */,
			);
			buildRules = (
			);
			dependencies = (
				6E41A01D2D34B77A00C6D055 /* PBXTargetDependency */,
			);
			name = OmikujiAppUITests;
			productName = OmikujiAppUITests;
			productReference = 6E41A01B2D34B77A00C6D055 /* OmikujiAppUITests.xctest */;
			productType = "com.apple.product-type.bundle.ui-testing";
		};
/* End PBXNativeTarget section */

/* Begin PBXProject section */
		6E419FF92D34B77700C6D055 /* Project object */ = {
			isa = PBXProject;
			attributes = {
				BuildIndependentTargetsInParallel = 1;
				LastSwiftUpdateCheck = 1400;
				LastUpgradeCheck = 1400;
				TargetAttributes = {
					6E41A0002D34B77700C6D055 = {
						CreatedOnToolsVersion = 14.0.1;
					};
					6E41A0102D34B77A00C6D055 = {
						CreatedOnToolsVersion = 14.0.1;
						TestTargetID = 6E41A0002D34B77700C6D055;
					};
					6E41A01A2D34B77A00C6D055 = {
						CreatedOnToolsVersion = 14.0.1;
						TestTargetID = 6E41A0002D34B77700C6D055;
					};
				};
			};
			buildConfigurationList = 6E419FFC2D34B77700C6D055 /* Build configuration list for PBXProject "OmikujiApp" */;
			compatibilityVersion = "Xcode 14.0";
			developmentRegion = en;
			hasScannedForEncodings = 0;
			knownRegions = (
				en,
				Base,
			);
			mainGroup = 6E419FF82D34B77700C6D055;
			productRefGroup = 6E41A0022D34B77700C6D055 /* Products */;
			projectDirPath = "";
			projectRoot = "";
			targets = (
				6E41A0002D34B77700C6D055 /* OmikujiApp */,
				6E41A0102D34B77A00C6D055 /* OmikujiAppTests */,
				6E41A01A2D34B77A00C6D055 /* OmikujiAppUITests */,
			);
		};
/* End PBXProject section */

/* Begin PBXResourcesBuildPhase section */
		6E419FFF2D34B77700C6D055 /* Resources */ = {
			isa = PBXResourcesBuildPhase;
			buildActionMask = 2147483647;
			files = (
				6E41A00C2D34B77A00C6D055 /* Preview Assets.xcassets in Resources */,
				6E41A0092D34B77A00C6D055 /* Assets.xcassets in Resources */,
			);
			runOnlyForDeploymentPostprocessing = 0;
		};
		6E41A00F2D34B77A00C6D055 /* Resources */ = {
			isa = PBXResourcesBuildPhase;
			buildActionMask = 2147483647;
			files = (
			);
			runOnlyForDeploymentPostprocessing = 0;
		};
		6E41A0192D34B77A00C6D055 /* Resources */ = {
			isa = PBXResourcesBuildPhase;
			buildActionMask = 2147483647;
			files = (
			);
			runOnlyForDeploymentPostprocessing = 0;
		};
/* End PBXResourcesBuildPhase section */

/* Begin PBXSourcesBuildPhase section */
		6E419FFD2D34B77700C6D055 /* Sources */ = {
			isa = PBXSourcesBuildPhase;
			buildActionMask = 2147483647;
			files = (
				6E41A0072D34B77700C6D055 /* ContentView.swift in Sources */,
				6E41A0052D34B77700C6D055 /* OmikujiAppApp.swift in Sources */,
			);
			runOnlyForDeploymentPostprocessing = 0;
		};
		6E41A00D2D34B77A00C6D055 /* Sources */ = {
			isa = PBXSourcesBuildPhase;
			buildActionMask = 2147483647;
			files = (
				6E41A0162D34B77A00C6D055 /* OmikujiAppTests.swift in Sources */,
			);
			runOnlyForDeploymentPostprocessing = 0;
		};
		6E41A0172D34B77A00C6D055 /* Sources */ = {
			isa = PBXSourcesBuildPhase;
			buildActionMask = 2147483647;
			files = (
				6E41A0202D34B77A00C6D055 /* OmikujiAppUITests.swift in Sources */,
				6E41A0222D34B77A00C6D055 /* OmikujiAppUITestsLaunchTests.swift in Sources */,
			);
			runOnlyForDeploymentPostprocessing = 0;
		};
/* End PBXSourcesBuildPhase section */

/* Begin PBXTargetDependency section */
		6E41A0132D34B77A00C6D055 /* PBXTargetDependency */ = {
			isa = PBXTargetDependency;
			target = 6E41A0002D34B77700C6D055 /* OmikujiApp */;
			targetProxy = 6E41A0122D34B77A00C6D055 /* PBXContainerItemProxy */;
		};
		6E41A01D2D34B77A00C6D055 /* PBXTargetDependency */ = {
			isa = PBXTargetDependency;
			target = 6E41A0002D34B77700C6D055 /* OmikujiApp */;
			targetProxy = 6E41A01C2D34B77A00C6D055 /* PBXContainerItemProxy */;
		};
/* End PBXTargetDependency section */

/* Begin XCBuildConfiguration section */
		6E41A0232D34B77A00C6D055 /* Debug */ = {
			isa = XCBuildConfiguration;
			buildSettings = {
				ALWAYS_SEARCH_USER_PATHS = NO;
				CLANG_ANALYZER_NONNULL = YES;
				CLANG_ANALYZER_NUMBER_OBJECT_CONVERSION = YES_AGGRESSIVE;
				CLANG_CXX_LANGUAGE_STANDARD = "gnu++20";
				CLANG_ENABLE_MODULES = YES;
				CLANG_ENABLE_OBJC_ARC = YES;
				CLANG_ENABLE_OBJC_WEAK = YES;
				CLANG_WARN_BLOCK_CAPTURE_AUTORELEASING = YES;
				CLANG_WARN_BOOL_CONVERSION = YES;
				CLANG_WARN_COMMA = YES;
				CLANG_WARN_CONSTANT_CONVERSION = YES;
				CLANG_WARN_DEPRECATED_OBJC_IMPLEMENTATIONS = YES;
				CLANG_WARN_DIRECT_OBJC_ISA_USAGE = YES_ERROR;
				CLANG_WARN_DOCUMENTATION_COMMENTS = YES;
				CLANG_WARN_EMPTY_BODY = YES;
				CLANG_WARN_ENUM_CONVERSION = YES;
				CLANG_WARN_INFINITE_RECURSION = YES;
				CLANG_WARN_INT_CONVERSION = YES;
				CLANG_WARN_NON_LITERAL_NULL_CONVERSION = YES;
				CLANG_WARN_OBJC_IMPLICIT_RETAIN_SELF = YES;
				CLANG_WARN_OBJC_LITERAL_CONVERSION = YES;
				CLANG_WARN_OBJC_ROOT_CLASS = YES_ERROR;
				CLANG_WARN_QUOTED_INCLUDE_IN_FRAMEWORK_HEADER = YES;
				CLANG_WARN_RANGE_LOOP_ANALYSIS = YES;
				CLANG_WARN_STRICT_PROTOTYPES = YES;
				CLANG_WARN_SUSPICIOUS_MOVE = YES;
				CLANG_WARN_UNGUARDED_AVAILABILITY = YES_AGGRESSIVE;
				CLANG_WARN_UNREACHABLE_CODE = YES;
				CLANG_WARN__DUPLICATE_METHOD_MATCH = YES;
				COPY_PHASE_STRIP = NO;
				DEBUG_INFORMATION_FORMAT = dwarf;
				ENABLE_STRICT_OBJC_MSGSEND = YES;
				ENABLE_TESTABILITY = YES;
				GCC_C_LANGUAGE_STANDARD = gnu11;
				GCC_DYNAMIC_NO_PIC = NO;
				GCC_NO_COMMON_BLOCKS = YES;
				GCC_OPTIMIZATION_LEVEL = 0;
				GCC_PREPROCESSOR_DEFINITIONS = (
					"DEBUG=1",
					"$(inherited)",
				);
				GCC_WARN_64_TO_32_BIT_CONVERSION = YES;
				GCC_WARN_ABOUT_RETURN_TYPE = YES_ERROR;
				GCC_WARN_UNDECLARED_SELECTOR = YES;
				GCC_WARN_UNINITIALIZED_AUTOS = YES_AGGRESSIVE;
				GCC_WARN_UNUSED_FUNCTION = YES;
				GCC_WARN_UNUSED_VARIABLE = YES;
				IPHONEOS_DEPLOYMENT_TARGET = 16.0;
				MTL_ENABLE_DEBUG_INFO = INCLUDE_SOURCE;
				MTL_FAST_MATH = YES;
				ONLY_ACTIVE_ARCH = YES;
				SDKROOT = iphoneos;
				SWIFT_ACTIVE_COMPILATION_CONDITIONS = DEBUG;
				SWIFT_OPTIMIZATION_LEVEL = "-Onone";
			};
			name = Debug;
		};
		6E41A0242D34B77A00C6D055 /* Release */ = {
			isa = XCBuildConfiguration;
			buildSettings = {
				ALWAYS_SEARCH_USER_PATHS = NO;
				CLANG_ANALYZER_NONNULL = YES;
				CLANG_ANALYZER_NUMBER_OBJECT_CONVERSION = YES_AGGRESSIVE;
				CLANG_CXX_LANGUAGE_STANDARD = "gnu++20";
				CLANG_ENABLE_MODULES = YES;
				CLANG_ENABLE_OBJC_ARC = YES;
				CLANG_ENABLE_OBJC_WEAK = YES;
				CLANG_WARN_BLOCK_CAPTURE_AUTORELEASING = YES;
				CLANG_WARN_BOOL_CONVERSION = YES;
				CLANG_WARN_COMMA = YES;
				CLANG_WARN_CONSTANT_CONVERSION = YES;
				CLANG_WARN_DEPRECATED_OBJC_IMPLEMENTATIONS = YES;
				CLANG_WARN_DIRECT_OBJC_ISA_USAGE = YES_ERROR;
				CLANG_WARN_DOCUMENTATION_COMMENTS = YES;
				CLANG_WARN_EMPTY_BODY = YES;
				CLANG_WARN_ENUM_CONVERSION = YES;
				CLANG_WARN_INFINITE_RECURSION = YES;
				CLANG_WARN_INT_CONVERSION = YES;
				CLANG_WARN_NON_LITERAL_NULL_CONVERSION = YES;
				CLANG_WARN_OBJC_IMPLICIT_RETAIN_SELF = YES;
				CLANG_WARN_OBJC_LITERAL_CONVERSION = YES;
				CLANG_WARN_OBJC_ROOT_CLASS = YES_ERROR;
				CLANG_WARN_QUOTED_INCLUDE_IN_FRAMEWORK_HEADER = YES;
				CLANG_WARN_RANGE_LOOP_ANALYSIS = YES;
				CLANG_WARN_STRICT_PROTOTYPES = YES;
				CLANG_WARN_SUSPICIOUS_MOVE = YES;
				CLANG_WARN_UNGUARDED_AVAILABILITY = YES_AGGRESSIVE;
				CLANG_WARN_UNREACHABLE_CODE = YES;
				CLANG_WARN__DUPLICATE_METHOD_MATCH = YES;
				COPY_PHASE_STRIP = NO;
				DEBUG_INFORMATION_FORMAT = "dwarf-with-dsym";
				ENABLE_NS_ASSERTIONS = NO;
				ENABLE_STRICT_OBJC_MSGSEND = YES;
				GCC_C_LANGUAGE_STANDARD = gnu11;
				GCC_NO_COMMON_BLOCKS = YES;
				GCC_WARN_64_TO_32_BIT_CONVERSION = YES;
				GCC_WARN_ABOUT_RETURN_TYPE = YES_ERROR;
				GCC_WARN_UNDECLARED_SELECTOR = YES;
				GCC_WARN_UNINITIALIZED_AUTOS = YES_AGGRESSIVE;
				GCC_WARN_UNUSED_FUNCTION = YES;
				GCC_WARN_UNUSED_VARIABLE = YES;
				IPHONEOS_DEPLOYMENT_TARGET = 16.0;
				MTL_ENABLE_DEBUG_INFO = NO;
				MTL_FAST_MATH = YES;
				SDKROOT = iphoneos;
				SWIFT_COMPILATION_MODE = wholemodule;
				SWIFT_OPTIMIZATION_LEVEL = "-O";
				VALIDATE_PRODUCT = YES;
			};
			name = Release;
		};
		6E41A0262D34B77A00C6D055 /* Debug */ = {
			isa = XCBuildConfiguration;
			buildSettings = {
				ASSETCATALOG_COMPILER_APPICON_NAME = AppIcon;
				ASSETCATALOG_COMPILER_GLOBAL_ACCENT_COLOR_NAME = AccentColor;
				CODE_SIGN_STYLE = Automatic;
				CURRENT_PROJECT_VERSION = 1;
				DEVELOPMENT_ASSET_PATHS = "\"OmikujiApp/Preview Content\"";
				DEVELOPMENT_TEAM = 8M5ZB4R29P;
				ENABLE_PREVIEWS = YES;
				GENERATE_INFOPLIST_FILE = YES;
				INFOPLIST_KEY_UIApplicationSceneManifest_Generation = YES;
				INFOPLIST_KEY_UIApplicationSupportsIndirectInputEvents = YES;
				INFOPLIST_KEY_UILaunchScreen_Generation = YES;
				INFOPLIST_KEY_UISupportedInterfaceOrientations_iPad = "UIInterfaceOrientationPortrait UIInterfaceOrientationPortraitUpsideDown UIInterfaceOrientationLandscapeLeft UIInterfaceOrientationLandscapeRight";
				INFOPLIST_KEY_UISupportedInterfaceOrientations_iPhone = "UIInterfaceOrientationPortrait UIInterfaceOrientationLandscapeLeft UIInterfaceOrientationLandscapeRight";
				LD_RUNPATH_SEARCH_PATHS = (
					"$(inherited)",
					"@executable_path/Frameworks",
				);
				MARKETING_VERSION = 1.0;
				PRODUCT_BUNDLE_IDENTIFIER = SwiftDeveloper.OmikujiApp;
				PRODUCT_NAME = "$(TARGET_NAME)";
				SWIFT_EMIT_LOC_STRINGS = YES;
				SWIFT_VERSION = 5.0;
				TARGETED_DEVICE_FAMILY = "1,2";
			};
			name = Debug;
		};
		6E41A0272D34B77A00C6D055 /* Release */ = {
			isa = XCBuildConfiguration;
			buildSettings = {
				ASSETCATALOG_COMPILER_APPICON_NAME = AppIcon;
				ASSETCATALOG_COMPILER_GLOBAL_ACCENT_COLOR_NAME = AccentColor;
				CODE_SIGN_STYLE = Automatic;
				CURRENT_PROJECT_VERSION = 1;
				DEVELOPMENT_ASSET_PATHS = "\"OmikujiApp/Preview Content\"";
				DEVELOPMENT_TEAM = 8M5ZB4R29P;
				ENABLE_PREVIEWS = YES;
				GENERATE_INFOPLIST_FILE = YES;
				INFOPLIST_KEY_UIApplicationSceneManifest_Generation = YES;
				INFOPLIST_KEY_UIApplicationSupportsIndirectInputEvents = YES;
				INFOPLIST_KEY_UILaunchScreen_Generation = YES;
				INFOPLIST_KEY_UISupportedInterfaceOrientations_iPad = "UIInterfaceOrientationPortrait UIInterfaceOrientationPortraitUpsideDown UIInterfaceOrientationLandscapeLeft UIInterfaceOrientationLandscapeRight";
				INFOPLIST_KEY_UISupportedInterfaceOrientations_iPhone = "UIInterfaceOrientationPortrait UIInterfaceOrientationLandscapeLeft UIInterfaceOrientationLandscapeRight";
				LD_RUNPATH_SEARCH_PATHS = (
					"$(inherited)",
					"@executable_path/Frameworks",
				);
				MARKETING_VERSION = 1.0;
				PRODUCT_BUNDLE_IDENTIFIER = SwiftDeveloper.OmikujiApp;
				PRODUCT_NAME = "$(TARGET_NAME)";
				SWIFT_EMIT_LOC_STRINGS = YES;
				SWIFT_VERSION = 5.0;
				TARGETED_DEVICE_FAMILY = "1,2";
			};
			name = Release;
		};
		6E41A0292D34B77A00C6D055 /* Debug */ = {
			isa = XCBuildConfiguration;
			buildSettings = {
				ALWAYS_EMBED_SWIFT_STANDARD_LIBRARIES = YES;
				BUNDLE_LOADER = "$(TEST_HOST)";
				CODE_SIGN_STYLE = Automatic;
				CURRENT_PROJECT_VERSION = 1;
				DEVELOPMENT_TEAM = 8M5ZB4R29P;
				GENERATE_INFOPLIST_FILE = YES;
				IPHONEOS_DEPLOYMENT_TARGET = 16.0;
				MARKETING_VERSION = 1.0;
				PRODUCT_BUNDLE_IDENTIFIER = SwiftDeveloper.OmikujiAppTests;
				PRODUCT_NAME = "$(TARGET_NAME)";
				SWIFT_EMIT_LOC_STRINGS = NO;
				SWIFT_VERSION = 5.0;
				TARGETED_DEVICE_FAMILY = "1,2";
				TEST_HOST = "$(BUILT_PRODUCTS_DIR)/OmikujiApp.app/$(BUNDLE_EXECUTABLE_FOLDER_PATH)/OmikujiApp";
			};
			name = Debug;
		};
		6E41A02A2D34B77A00C6D055 /* Release */ = {
			isa = XCBuildConfiguration;
			buildSettings = {
				ALWAYS_EMBED_SWIFT_STANDARD_LIBRARIES = YES;
				BUNDLE_LOADER = "$(TEST_HOST)";
				CODE_SIGN_STYLE = Automatic;
				CURRENT_PROJECT_VERSION = 1;
				DEVELOPMENT_TEAM = 8M5ZB4R29P;
				GENERATE_INFOPLIST_FILE = YES;
				IPHONEOS_DEPLOYMENT_TARGET = 16.0;
				MARKETING_VERSION = 1.0;
				PRODUCT_BUNDLE_IDENTIFIER = SwiftDeveloper.OmikujiAppTests;
				PRODUCT_NAME = "$(TARGET_NAME)";
				SWIFT_EMIT_LOC_STRINGS = NO;
				SWIFT_VERSION = 5.0;
				TARGETED_DEVICE_FAMILY = "1,2";
				TEST_HOST = "$(BUILT_PRODUCTS_DIR)/OmikujiApp.app/$(BUNDLE_EXECUTABLE_FOLDER_PATH)/OmikujiApp";
			};
			name = Release;
		};
		6E41A02C2D34B77A00C6D055 /* Debug */ = {
			isa = XCBuildConfiguration;
			buildSettings = {
				ALWAYS_EMBED_SWIFT_STANDARD_LIBRARIES = YES;
				CODE_SIGN_STYLE = Automatic;
				CURRENT_PROJECT_VERSION = 1;
				DEVELOPMENT_TEAM = 8M5ZB4R29P;
				GENERATE_INFOPLIST_FILE = YES;
				MARKETING_VERSION = 1.0;
				PRODUCT_BUNDLE_IDENTIFIER = SwiftDeveloper.OmikujiAppUITests;
				PRODUCT_NAME = "$(TARGET_NAME)";
				SWIFT_EMIT_LOC_STRINGS = NO;
				SWIFT_VERSION = 5.0;
				TARGETED_DEVICE_FAMILY = "1,2";
				TEST_TARGET_NAME = OmikujiApp;
			};
			name = Debug;
		};
		6E41A02D2D34B77A00C6D055 /* Release */ = {
			isa = XCBuildConfiguration;
			buildSettings = {
				ALWAYS_EMBED_SWIFT_STANDARD_LIBRARIES = YES;
				CODE_SIGN_STYLE = Automatic;
				CURRENT_PROJECT_VERSION = 1;
				DEVELOPMENT_TEAM = 8M5ZB4R29P;
				GENERATE_INFOPLIST_FILE = YES;
				MARKETING_VERSION = 1.0;
				PRODUCT_BUNDLE_IDENTIFIER = SwiftDeveloper.OmikujiAppUITests;
				PRODUCT_NAME = "$(TARGET_NAME)";
				SWIFT_EMIT_LOC_STRINGS = NO;
				SWIFT_VERSION = 5.0;
				TARGETED_DEVICE_FAMILY = "1,2";
				TEST_TARGET_NAME = OmikujiApp;
			};
			name = Release;
		};
/* End XCBuildConfiguration section */

/* Begin XCConfigurationList section */
		6E419FFC2D34B77700C6D055 /* Build configuration list for PBXProject "OmikujiApp" */ = {
			isa = XCConfigurationList;
			buildConfigurations = (
				6E41A0232D34B77A00C6D055 /* Debug */,
				6E41A0242D34B77A00C6D055 /* Release */,
			);
			defaultConfigurationIsVisible = 0;
			defaultConfigurationName = Release;
		};
		6E41A0252D34B77A00C6D055 /* Build configuration list for PBXNativeTarget "OmikujiApp" */ = {
			isa = XCConfigurationList;
			buildConfigurations = (
				6E41A0262D34B77A00C6D055 /* Debug */,
				6E41A0272D34B77A00C6D055 /* Release */,
			);
			defaultConfigurationIsVisible = 0;
			defaultConfigurationName = Release;
		};
		6E41A0282D34B77A00C6D055 /* Build configuration list for PBXNativeTarget "OmikujiAppTests" */ = {
			isa = XCConfigurationList;
			buildConfigurations = (
				6E41A0292D34B77A00C6D055 /* Debug */,
				6E41A02A2D34B77A00C6D055 /* Release */,
			);
			defaultConfigurationIsVisible = 0;
			defaultConfigurationName = Release;
		};
		6E41A02B2D34B77A00C6D055 /* Build configuration list for PBXNativeTarget "OmikujiAppUITests" */ = {
			isa = XCConfigurationList;
			buildConfigurations = (
				6E41A02C2D34B77A00C6D055 /* Debug */,
				6E41A02D2D34B77A00C6D055 /* Release */,
			);
			defaultConfigurationIsVisible = 0;
			defaultConfigurationName = Release;
		};
/* End XCConfigurationList section */
	};
	rootObject = 6E419FF92D34B77700C6D055 /* Project object */;
}
